// !$*UTF8*$!
{
	archiveVersion = 1;
	classes = {
	};
	objectVersion = 46;
	objects = {

/* Begin PBXBuildFile section */
		9C1204E819EAD59C00823156 /* Patient+Create.m in Sources */ = {isa = PBXBuildFile; fileRef = 9C1204E719EAD59C00823156 /* Patient+Create.m */; };
		9C1204EB19EAD80900823156 /* Patient.m in Sources */ = {isa = PBXBuildFile; fileRef = 9C1204EA19EAD80900823156 /* Patient.m */; };
		9CCB121519EAC854001A009D /* main.m in Sources */ = {isa = PBXBuildFile; fileRef = 9CCB121419EAC854001A009D /* main.m */; };
		9CCB121819EAC854001A009D /* AppDelegate.m in Sources */ = {isa = PBXBuildFile; fileRef = 9CCB121719EAC854001A009D /* AppDelegate.m */; };
		9CCB121B19EAC854001A009D /* PatientsRegistry.xcdatamodeld in Sources */ = {isa = PBXBuildFile; fileRef = 9CCB121919EAC854001A009D /* PatientsRegistry.xcdatamodeld */; };
		9CCB121E19EAC854001A009D /* MasterViewController.m in Sources */ = {isa = PBXBuildFile; fileRef = 9CCB121D19EAC854001A009D /* MasterViewController.m */; };
		9CCB122119EAC854001A009D /* DetailViewController.m in Sources */ = {isa = PBXBuildFile; fileRef = 9CCB122019EAC854001A009D /* DetailViewController.m */; };
		9CCB122419EAC854001A009D /* Main.storyboard in Resources */ = {isa = PBXBuildFile; fileRef = 9CCB122219EAC854001A009D /* Main.storyboard */; };
		9CCB122619EAC854001A009D /* Images.xcassets in Resources */ = {isa = PBXBuildFile; fileRef = 9CCB122519EAC854001A009D /* Images.xcassets */; };
		9CCB122919EAC854001A009D /* LaunchScreen.xib in Resources */ = {isa = PBXBuildFile; fileRef = 9CCB122719EAC854001A009D /* LaunchScreen.xib */; };
		9CCB123519EAC854001A009D /* PatientsRegistryTests.m in Sources */ = {isa = PBXBuildFile; fileRef = 9CCB123419EAC854001A009D /* PatientsRegistryTests.m */; };
		9CCB123F19EACB4A001A009D /* README.md in Sources */ = {isa = PBXBuildFile; fileRef = 9CCB123E19EACB4A001A009D /* README.md */; };
/* End PBXBuildFile section */

/* Begin PBXContainerItemProxy section */
		9CCB122F19EAC854001A009D /* PBXContainerItemProxy */ = {
			isa = PBXContainerItemProxy;
			containerPortal = 9CCB120719EAC854001A009D /* Project object */;
			proxyType = 1;
			remoteGlobalIDString = 9CCB120E19EAC854001A009D;
			remoteInfo = PatientsRegistry;
		};
/* End PBXContainerItemProxy section */

/* Begin PBXFileReference section */
		9C1204E619EAD59C00823156 /* Patient+Create.h */ = {isa = PBXFileReference; fileEncoding = 4; lastKnownFileType = sourcecode.c.h; name = "Patient+Create.h"; path = "Model/Patient+Create.h"; sourceTree = "<group>"; };
		9C1204E719EAD59C00823156 /* Patient+Create.m */ = {isa = PBXFileReference; fileEncoding = 4; lastKnownFileType = sourcecode.c.objc; name = "Patient+Create.m"; path = "Model/Patient+Create.m"; sourceTree = "<group>"; };
		9C1204E919EAD80900823156 /* Patient.h */ = {isa = PBXFileReference; fileEncoding = 4; lastKnownFileType = sourcecode.c.h; name = Patient.h; path = Model/Patient.h; sourceTree = "<group>"; };
		9C1204EA19EAD80900823156 /* Patient.m */ = {isa = PBXFileReference; fileEncoding = 4; lastKnownFileType = sourcecode.c.objc; name = Patient.m; path = Model/Patient.m; sourceTree = "<group>"; };
		9CCB120F19EAC854001A009D /* PatientsRegistry.app */ = {isa = PBXFileReference; explicitFileType = wrapper.application; includeInIndex = 0; path = PatientsRegistry.app; sourceTree = BUILT_PRODUCTS_DIR; };
		9CCB121319EAC854001A009D /* Info.plist */ = {isa = PBXFileReference; lastKnownFileType = text.plist.xml; path = Info.plist; sourceTree = "<group>"; };
		9CCB121419EAC854001A009D /* main.m */ = {isa = PBXFileReference; lastKnownFileType = sourcecode.c.objc; path = main.m; sourceTree = "<group>"; };
		9CCB121619EAC854001A009D /* AppDelegate.h */ = {isa = PBXFileReference; lastKnownFileType = sourcecode.c.h; path = AppDelegate.h; sourceTree = "<group>"; };
		9CCB121719EAC854001A009D /* AppDelegate.m */ = {isa = PBXFileReference; lastKnownFileType = sourcecode.c.objc; path = AppDelegate.m; sourceTree = "<group>"; };
		9CCB121A19EAC854001A009D /* PatientsRegistry.xcdatamodel */ = {isa = PBXFileReference; lastKnownFileType = wrapper.xcdatamodel; path = PatientsRegistry.xcdatamodel; sourceTree = "<group>"; };
		9CCB121C19EAC854001A009D /* MasterViewController.h */ = {isa = PBXFileReference; lastKnownFileType = sourcecode.c.h; path = MasterViewController.h; sourceTree = "<group>"; };
		9CCB121D19EAC854001A009D /* MasterViewController.m */ = {isa = PBXFileReference; lastKnownFileType = sourcecode.c.objc; path = MasterViewController.m; sourceTree = "<group>"; };
		9CCB121F19EAC854001A009D /* DetailViewController.h */ = {isa = PBXFileReference; lastKnownFileType = sourcecode.c.h; path = DetailViewController.h; sourceTree = "<group>"; };
		9CCB122019EAC854001A009D /* DetailViewController.m */ = {isa = PBXFileReference; lastKnownFileType = sourcecode.c.objc; path = DetailViewController.m; sourceTree = "<group>"; };
		9CCB122319EAC854001A009D /* Base */ = {isa = PBXFileReference; lastKnownFileType = file.storyboard; name = Base; path = Base.lproj/Main.storyboard; sourceTree = "<group>"; };
		9CCB122519EAC854001A009D /* Images.xcassets */ = {isa = PBXFileReference; lastKnownFileType = folder.assetcatalog; path = Images.xcassets; sourceTree = "<group>"; };
		9CCB122819EAC854001A009D /* Base */ = {isa = PBXFileReference; lastKnownFileType = file.xib; name = Base; path = Base.lproj/LaunchScreen.xib; sourceTree = "<group>"; };
		9CCB122E19EAC854001A009D /* PatientsRegistryTests.xctest */ = {isa = PBXFileReference; explicitFileType = wrapper.cfbundle; includeInIndex = 0; path = PatientsRegistryTests.xctest; sourceTree = BUILT_PRODUCTS_DIR; };
		9CCB123319EAC854001A009D /* Info.plist */ = {isa = PBXFileReference; lastKnownFileType = text.plist.xml; path = Info.plist; sourceTree = "<group>"; };
		9CCB123419EAC854001A009D /* PatientsRegistryTests.m */ = {isa = PBXFileReference; lastKnownFileType = sourcecode.c.objc; path = PatientsRegistryTests.m; sourceTree = "<group>"; };
		9CCB123E19EACB4A001A009D /* README.md */ = {isa = PBXFileReference; fileEncoding = 4; lastKnownFileType = net.daringfireball.markdown; path = README.md; sourceTree = SOURCE_ROOT; };
/* End PBXFileReference section */

/* Begin PBXFrameworksBuildPhase section */
		9CCB120C19EAC854001A009D /* Frameworks */ = {
			isa = PBXFrameworksBuildPhase;
			buildActionMask = 2147483647;
			files = (
			);
			runOnlyForDeploymentPostprocessing = 0;
		};
		9CCB122B19EAC854001A009D /* Frameworks */ = {
			isa = PBXFrameworksBuildPhase;
			buildActionMask = 2147483647;
			files = (
			);
			runOnlyForDeploymentPostprocessing = 0;
		};
/* End PBXFrameworksBuildPhase section */

/* Begin PBXGroup section */
		9CCB120619EAC854001A009D = {
			isa = PBXGroup;
			children = (
				9CCB121119EAC854001A009D /* PatientsRegistry */,
				9CCB123119EAC854001A009D /* PatientsRegistryTests */,
				9CCB121019EAC854001A009D /* Products */,
			);
			sourceTree = "<group>";
		};
		9CCB121019EAC854001A009D /* Products */ = {
			isa = PBXGroup;
			children = (
				9CCB120F19EAC854001A009D /* PatientsRegistry.app */,
				9CCB122E19EAC854001A009D /* PatientsRegistryTests.xctest */,
			);
			name = Products;
			sourceTree = "<group>";
		};
		9CCB121119EAC854001A009D /* PatientsRegistry */ = {
			isa = PBXGroup;
			children = (
				9CCB124319EAD300001A009D /* Model */,
				9CCB124419EAD31C001A009D /* View Controllers */,
				9CCB121619EAC854001A009D /* AppDelegate.h */,
				9CCB121719EAC854001A009D /* AppDelegate.m */,
				9CCB122219EAC854001A009D /* Main.storyboard */,
				9CCB122519EAC854001A009D /* Images.xcassets */,
				9CCB122719EAC854001A009D /* LaunchScreen.xib */,
				9CCB121219EAC854001A009D /* Supporting Files */,
			);
			path = PatientsRegistry;
			sourceTree = "<group>";
		};
		9CCB121219EAC854001A009D /* Supporting Files */ = {
			isa = PBXGroup;
			children = (
				9CCB123E19EACB4A001A009D /* README.md */,
				9CCB121319EAC854001A009D /* Info.plist */,
				9CCB121419EAC854001A009D /* main.m */,
			);
			name = "Supporting Files";
			sourceTree = "<group>";
		};
		9CCB123119EAC854001A009D /* PatientsRegistryTests */ = {
			isa = PBXGroup;
			children = (
				9CCB123419EAC854001A009D /* PatientsRegistryTests.m */,
				9CCB123219EAC854001A009D /* Supporting Files */,
			);
			path = PatientsRegistryTests;
			sourceTree = "<group>";
		};
		9CCB123219EAC854001A009D /* Supporting Files */ = {
			isa = PBXGroup;
			children = (
				9CCB123319EAC854001A009D /* Info.plist */,
			);
			name = "Supporting Files";
			sourceTree = "<group>";
		};
		9CCB124319EAD300001A009D /* Model */ = {
			isa = PBXGroup;
			children = (
				9CCB124519EAD4EF001A009D /* Generated */,
				9CCB121919EAC854001A009D /* PatientsRegistry.xcdatamodeld */,
				9C1204E619EAD59C00823156 /* Patient+Create.h */,
				9C1204E719EAD59C00823156 /* Patient+Create.m */,
			);
			name = Model;
			sourceTree = "<group>";
		};
		9CCB124419EAD31C001A009D /* View Controllers */ = {
			isa = PBXGroup;
			children = (
				9CCB121C19EAC854001A009D /* MasterViewController.h */,
				9CCB121D19EAC854001A009D /* MasterViewController.m */,
				9CCB121F19EAC854001A009D /* DetailViewController.h */,
				9CCB122019EAC854001A009D /* DetailViewController.m */,
			);
			name = "View Controllers";
			sourceTree = "<group>";
		};
		9CCB124519EAD4EF001A009D /* Generated */ = {
			isa = PBXGroup;
			children = (
				9C1204E919EAD80900823156 /* Patient.h */,
				9C1204EA19EAD80900823156 /* Patient.m */,
			);
			name = Generated;
			sourceTree = "<group>";
		};
/* End PBXGroup section */

/* Begin PBXNativeTarget section */
		9CCB120E19EAC854001A009D /* PatientsRegistry */ = {
			isa = PBXNativeTarget;
			buildConfigurationList = 9CCB123819EAC854001A009D /* Build configuration list for PBXNativeTarget "PatientsRegistry" */;
			buildPhases = (
				9CCB120B19EAC854001A009D /* Sources */,
				9CCB120C19EAC854001A009D /* Frameworks */,
				9CCB120D19EAC854001A009D /* Resources */,
			);
			buildRules = (
			);
			dependencies = (
			);
			name = PatientsRegistry;
			productName = PatientsRegistry;
			productReference = 9CCB120F19EAC854001A009D /* PatientsRegistry.app */;
			productType = "com.apple.product-type.application";
		};
		9CCB122D19EAC854001A009D /* PatientsRegistryTests */ = {
			isa = PBXNativeTarget;
			buildConfigurationList = 9CCB123B19EAC854001A009D /* Build configuration list for PBXNativeTarget "PatientsRegistryTests" */;
			buildPhases = (
				9CCB122A19EAC854001A009D /* Sources */,
				9CCB122B19EAC854001A009D /* Frameworks */,
				9CCB122C19EAC854001A009D /* Resources */,
			);
			buildRules = (
			);
			dependencies = (
				9CCB123019EAC854001A009D /* PBXTargetDependency */,
			);
			name = PatientsRegistryTests;
			productName = PatientsRegistryTests;
			productReference = 9CCB122E19EAC854001A009D /* PatientsRegistryTests.xctest */;
			productType = "com.apple.product-type.bundle.unit-test";
		};
/* End PBXNativeTarget section */

/* Begin PBXProject section */
		9CCB120719EAC854001A009D /* Project object */ = {
			isa = PBXProject;
			attributes = {
				LastUpgradeCheck = 0600;
				ORGANIZATIONNAME = "Tom Kraina";
				TargetAttributes = {
					9CCB120E19EAC854001A009D = {
						CreatedOnToolsVersion = 6.0.1;
					};
					9CCB122D19EAC854001A009D = {
						CreatedOnToolsVersion = 6.0.1;
						TestTargetID = 9CCB120E19EAC854001A009D;
					};
				};
			};
			buildConfigurationList = 9CCB120A19EAC854001A009D /* Build configuration list for PBXProject "PatientsRegistry" */;
			compatibilityVersion = "Xcode 3.2";
			developmentRegion = English;
			hasScannedForEncodings = 0;
			knownRegions = (
				en,
				Base,
			);
			mainGroup = 9CCB120619EAC854001A009D;
			productRefGroup = 9CCB121019EAC854001A009D /* Products */;
			projectDirPath = "";
			projectRoot = "";
			targets = (
				9CCB120E19EAC854001A009D /* PatientsRegistry */,
				9CCB122D19EAC854001A009D /* PatientsRegistryTests */,
			);
		};
/* End PBXProject section */

/* Begin PBXResourcesBuildPhase section */
		9CCB120D19EAC854001A009D /* Resources */ = {
			isa = PBXResourcesBuildPhase;
			buildActionMask = 2147483647;
			files = (
				9CCB122419EAC854001A009D /* Main.storyboard in Resources */,
				9CCB122919EAC854001A009D /* LaunchScreen.xib in Resources */,
				9CCB122619EAC854001A009D /* Images.xcassets in Resources */,
			);
			runOnlyForDeploymentPostprocessing = 0;
		};
		9CCB122C19EAC854001A009D /* Resources */ = {
			isa = PBXResourcesBuildPhase;
			buildActionMask = 2147483647;
			files = (
			);
			runOnlyForDeploymentPostprocessing = 0;
		};
/* End PBXResourcesBuildPhase section */

/* Begin PBXSourcesBuildPhase section */
		9CCB120B19EAC854001A009D /* Sources */ = {
			isa = PBXSourcesBuildPhase;
			buildActionMask = 2147483647;
			files = (
				9CCB123F19EACB4A001A009D /* README.md in Sources */,
				9C1204EB19EAD80900823156 /* Patient.m in Sources */,
				9CCB122119EAC854001A009D /* DetailViewController.m in Sources */,
				9CCB121E19EAC854001A009D /* MasterViewController.m in Sources */,
				9CCB121B19EAC854001A009D /* PatientsRegistry.xcdatamodeld in Sources */,
				9CCB121819EAC854001A009D /* AppDelegate.m in Sources */,
				9CCB121519EAC854001A009D /* main.m in Sources */,
				9C1204E819EAD59C00823156 /* Patient+Create.m in Sources */,
			);
			runOnlyForDeploymentPostprocessing = 0;
		};
		9CCB122A19EAC854001A009D /* Sources */ = {
			isa = PBXSourcesBuildPhase;
			buildActionMask = 2147483647;
			files = (
				9CCB123519EAC854001A009D /* PatientsRegistryTests.m in Sources */,
			);
			runOnlyForDeploymentPostprocessing = 0;
		};
/* End PBXSourcesBuildPhase section */

/* Begin PBXTargetDependency section */
		9CCB123019EAC854001A009D /* PBXTargetDependency */ = {
			isa = PBXTargetDependency;
			target = 9CCB120E19EAC854001A009D /* PatientsRegistry */;
			targetProxy = 9CCB122F19EAC854001A009D /* PBXContainerItemProxy */;
		};
/* End PBXTargetDependency section */

/* Begin PBXVariantGroup section */
		9CCB122219EAC854001A009D /* Main.storyboard */ = {
			isa = PBXVariantGroup;
			children = (
				9CCB122319EAC854001A009D /* Base */,
			);
			name = Main.storyboard;
			sourceTree = "<group>";
		};
		9CCB122719EAC854001A009D /* LaunchScreen.xib */ = {
			isa = PBXVariantGroup;
			children = (
				9CCB122819EAC854001A009D /* Base */,
			);
			name = LaunchScreen.xib;
			sourceTree = "<group>";
		};
/* End PBXVariantGroup section */

/* Begin XCBuildConfiguration section */
		9CCB123619EAC854001A009D /* Debug */ = {
			isa = XCBuildConfiguration;
			buildSettings = {
				ALWAYS_SEARCH_USER_PATHS = NO;
				CLANG_CXX_LANGUAGE_STANDARD = "gnu++0x";
				CLANG_CXX_LIBRARY = "libc++";
				CLANG_ENABLE_MODULES = YES;
				CLANG_ENABLE_OBJC_ARC = YES;
				CLANG_WARN_BOOL_CONVERSION = YES;
				CLANG_WARN_CONSTANT_CONVERSION = YES;
				CLANG_WARN_DIRECT_OBJC_ISA_USAGE = YES_ERROR;
				CLANG_WARN_EMPTY_BODY = YES;
				CLANG_WARN_ENUM_CONVERSION = YES;
				CLANG_WARN_INT_CONVERSION = YES;
				CLANG_WARN_OBJC_ROOT_CLASS = YES_ERROR;
				CLANG_WARN_UNREACHABLE_CODE = YES;
				CLANG_WARN__DUPLICATE_METHOD_MATCH = YES;
				"CODE_SIGN_IDENTITY[sdk=iphoneos*]" = "iPhone Developer";
				COPY_PHASE_STRIP = NO;
				ENABLE_STRICT_OBJC_MSGSEND = YES;
				GCC_C_LANGUAGE_STANDARD = gnu99;
				GCC_DYNAMIC_NO_PIC = NO;
				GCC_OPTIMIZATION_LEVEL = 0;
				GCC_PREPROCESSOR_DEFINITIONS = (
					"DEBUG=1",
					"$(inherited)",
				);
				GCC_SYMBOLS_PRIVATE_EXTERN = NO;
				GCC_WARN_64_TO_32_BIT_CONVERSION = YES;
				GCC_WARN_ABOUT_RETURN_TYPE = YES_ERROR;
				GCC_WARN_UNDECLARED_SELECTOR = YES;
				GCC_WARN_UNINITIALIZED_AUTOS = YES_AGGRESSIVE;
				GCC_WARN_UNUSED_FUNCTION = YES;
				GCC_WARN_UNUSED_VARIABLE = YES;
				IPHONEOS_DEPLOYMENT_TARGET = 8.0;
				MTL_ENABLE_DEBUG_INFO = YES;
				ONLY_ACTIVE_ARCH = YES;
				SDKROOT = iphoneos;
				TARGETED_DEVICE_FAMILY = "1,2";
			};
			name = Debug;
		};
		9CCB123719EAC854001A009D /* Release */ = {
			isa = XCBuildConfiguration;
			buildSettings = {
				ALWAYS_SEARCH_USER_PATHS = NO;
				CLANG_CXX_LANGUAGE_STANDARD = "gnu++0x";
				CLANG_CXX_LIBRARY = "libc++";
				CLANG_ENABLE_MODULES = YES;
				CLANG_ENABLE_OBJC_ARC = YES;
				CLANG_WARN_BOOL_CONVERSION = YES;
				CLANG_WARN_CONSTANT_CONVERSION = YES;
				CLANG_WARN_DIRECT_OBJC_ISA_USAGE = YES_ERROR;
				CLANG_WARN_EMPTY_BODY = YES;
				CLANG_WARN_ENUM_CONVERSION = YES;
				CLANG_WARN_INT_CONVERSION = YES;
				CLANG_WARN_OBJC_ROOT_CLASS = YES_ERROR;
				CLANG_WARN_UNREACHABLE_CODE = YES;
				CLANG_WARN__DUPLICATE_METHOD_MATCH = YES;
				"CODE_SIGN_IDENTITY[sdk=iphoneos*]" = "iPhone Developer";
				COPY_PHASE_STRIP = YES;
				ENABLE_NS_ASSERTIONS = NO;
				ENABLE_STRICT_OBJC_MSGSEND = YES;
				GCC_C_LANGUAGE_STANDARD = gnu99;
				GCC_WARN_64_TO_32_BIT_CONVERSION = YES;
				GCC_WARN_ABOUT_RETURN_TYPE = YES_ERROR;
				GCC_WARN_UNDECLARED_SELECTOR = YES;
				GCC_WARN_UNINITIALIZED_AUTOS = YES_AGGRESSIVE;
				GCC_WARN_UNUSED_FUNCTION = YES;
				GCC_WARN_UNUSED_VARIABLE = YES;
				IPHONEOS_DEPLOYMENT_TARGET = 8.0;
				MTL_ENABLE_DEBUG_INFO = NO;
				SDKROOT = iphoneos;
				TARGETED_DEVICE_FAMILY = "1,2";
				VALIDATE_PRODUCT = YES;
			};
			name = Release;
		};
		9CCB123919EAC854001A009D /* Debug */ = {
			isa = XCBuildConfiguration;
			buildSettings = {
				ASSETCATALOG_COMPILER_APPICON_NAME = AppIcon;
				INFOPLIST_FILE = PatientsRegistry/Info.plist;
				LD_RUNPATH_SEARCH_PATHS = "$(inherited) @executable_path/Frameworks";
				PRODUCT_NAME = "$(TARGET_NAME)";
			};
			name = Debug;
		};
		9CCB123A19EAC854001A009D /* Release */ = {
			isa = XCBuildConfiguration;
			buildSettings = {
				ASSETCATALOG_COMPILER_APPICON_NAME = AppIcon;
				INFOPLIST_FILE = PatientsRegistry/Info.plist;
				LD_RUNPATH_SEARCH_PATHS = "$(inherited) @executable_path/Frameworks";
				PRODUCT_NAME = "$(TARGET_NAME)";
			};
			name = Release;
		};
		9CCB123C19EAC854001A009D /* Debug */ = {
			isa = XCBuildConfiguration;
			buildSettings = {
				BUNDLE_LOADER = "$(TEST_HOST)";
				FRAMEWORK_SEARCH_PATHS = (
					"$(SDKROOT)/Developer/Library/Frameworks",
					"$(inherited)",
				);
				GCC_PREPROCESSOR_DEFINITIONS = (
					"DEBUG=1",
					"$(inherited)",
				);
				INFOPLIST_FILE = PatientsRegistryTests/Info.plist;
				LD_RUNPATH_SEARCH_PATHS = "$(inherited) @executable_path/Frameworks @loader_path/Frameworks";
				PRODUCT_NAME = "$(TARGET_NAME)";
				TEST_HOST = "$(BUILT_PRODUCTS_DIR)/PatientsRegistry.app/PatientsRegistry";
			};
			name = Debug;
		};
		9CCB123D19EAC854001A009D /* Release */ = {
			isa = XCBuildConfiguration;
			buildSettings = {
				BUNDLE_LOADER = "$(TEST_HOST)";
				FRAMEWORK_SEARCH_PATHS = (
					"$(SDKROOT)/Developer/Library/Frameworks",
					"$(inherited)",
				);
				INFOPLIST_FILE = PatientsRegistryTests/Info.plist;
				LD_RUNPATH_SEARCH_PATHS = "$(inherited) @executable_path/Frameworks @loader_path/Frameworks";
				PRODUCT_NAME = "$(TARGET_NAME)";
				TEST_HOST = "$(BUILT_PRODUCTS_DIR)/PatientsRegistry.app/PatientsRegistry";
			};
			name = Release;
		};
/* End XCBuildConfiguration section */

/* Begin XCConfigurationList section */
		9CCB120A19EAC854001A009D /* Build configuration list for PBXProject "PatientsRegistry" */ = {
			isa = XCConfigurationList;
			buildConfigurations = (
				9CCB123619EAC854001A009D /* Debug */,
				9CCB123719EAC854001A009D /* Release */,
			);
			defaultConfigurationIsVisible = 0;
			defaultConfigurationName = Release;
		};
		9CCB123819EAC854001A009D /* Build configuration list for PBXNativeTarget "PatientsRegistry" */ = {
			isa = XCConfigurationList;
			buildConfigurations = (
				9CCB123919EAC854001A009D /* Debug */,
				9CCB123A19EAC854001A009D /* Release */,
			);
			defaultConfigurationIsVisible = 0;
			defaultConfigurationName = Release;
		};
		9CCB123B19EAC854001A009D /* Build configuration list for PBXNativeTarget "PatientsRegistryTests" */ = {
			isa = XCConfigurationList;
			buildConfigurations = (
				9CCB123C19EAC854001A009D /* Debug */,
				9CCB123D19EAC854001A009D /* Release */,
			);
			defaultConfigurationIsVisible = 0;
			defaultConfigurationName = Release;
		};
/* End XCConfigurationList section */

/* Begin XCVersionGroup section */
		9CCB121919EAC854001A009D /* PatientsRegistry.xcdatamodeld */ = {
			isa = XCVersionGroup;
			children = (
				9CCB121A19EAC854001A009D /* PatientsRegistry.xcdatamodel */,
			);
			currentVersion = 9CCB121A19EAC854001A009D /* PatientsRegistry.xcdatamodel */;
			path = PatientsRegistry.xcdatamodeld;
			sourceTree = "<group>";
			versionGroupType = wrapper.xcdatamodel;
		};
/* End XCVersionGroup section */
	};
	rootObject = 9CCB120719EAC854001A009D /* Project object */;
}
